
Microsoft Visual Studio Solution File, Format Version 12.00
# Visual Studio Version 16
VisualStudioVersion = 16.0.30907.101
MinimumVisualStudioVersion = 10.0.40219.1
Project("{FAE04EC0-301F-11D3-BF4B-00C04F79EFBC}") = "UdemyUnitTest.APP", "UdemyUnitTest.APP\UdemyUnitTest.APP.csproj", "{C9FF10E9-4FE3-4638-865C-965DB23F08A4}"
EndProject
Project("{FAE04EC0-301F-11D3-BF4B-00C04F79EFBC}") = "UdemyUnitTest.Test", "UdemyUnitTest.Test\UdemyUnitTest.Test.csproj", "{783EBB1B-A89C-473E-8573-D17B16A9DC07}"
EndProject
Global
	GlobalSection(SolutionConfigurationPlatforms) = preSolution
		Debug|Any CPU = Debug|Any CPU
		Release|Any CPU = Release|Any CPU
	EndGlobalSection
	GlobalSection(ProjectConfigurationPlatforms) = postSolution
		{C9FF10E9-4FE3-4638-865C-965DB23F08A4}.Debug|Any CPU.ActiveCfg = Debug|Any CPU
		{C9FF10E9-4FE3-4638-865C-965DB23F08A4}.Debug|Any CPU.Build.0 = Debug|Any CPU
		{C9FF10E9-4FE3-4638-865C-965DB23F08A4}.Release|Any CPU.ActiveCfg = Release|Any CPU
		{C9FF10E9-4FE3-4638-865C-965DB23F08A4}.Release|Any CPU.Build.0 = Release|Any CPU
		{783EBB1B-A89C-473E-8573-D17B16A9DC07}.Debug|Any CPU.ActiveCfg = Debug|Any CPU
		{783EBB1B-A89C-473E-8573-D17B16A9DC07}.Debug|Any CPU.Build.0 = Debug|Any CPU
		{783EBB1B-A89C-473E-8573-D17B16A9DC07}.Release|Any CPU.ActiveCfg = Release|Any CPU
		{783EBB1B-A89C-473E-8573-D17B16A9DC07}.Release|Any CPU.Build.0 = Release|Any CPU
	EndGlobalSection
	GlobalSection(SolutionProperties) = preSolution
		HideSolutionNode = FALSE
	EndGlobalSection
	GlobalSection(ExtensibilityGlobals) = postSolution
		SolutionGuid = {B5470DFE-322F-457D-9F29-4897592FE9E2}
	EndGlobalSection
EndGlobal
