
Microsoft Visual Studio Solution File, Format Version 12.00
# Visual Studio Version 16
VisualStudioVersion = 16.0.30907.101
MinimumVisualStudioVersion = 10.0.40219.1
Project("{9A19103F-16F7-4668-BE54-9A1E7A4F7556}") = "UdemyRealWorldUnitTest.WEB", "UdemyRealWorldUnitTest.WEB\UdemyRealWorldUnitTest.WEB.csproj", "{7F39C264-48C9-45B2-B014-1F9EA621F031}"
EndProject
Project("{FAE04EC0-301F-11D3-BF4B-00C04F79EFBC}") = "UdemyRealWorldUnitTest.TEST", "UdemyRealWorldUnitTest.TEST\UdemyRealWorldUnitTest.TEST.csproj", "{9398D82C-188B-4B2E-9132-94BAF478A6B8}"
EndProject
Global
	GlobalSection(SolutionConfigurationPlatforms) = preSolution
		Debug|Any CPU = Debug|Any CPU
		Release|Any CPU = Release|Any CPU
	EndGlobalSection
	GlobalSection(ProjectConfigurationPlatforms) = postSolution
		{7F39C264-48C9-45B2-B014-1F9EA621F031}.Debug|Any CPU.ActiveCfg = Debug|Any CPU
		{7F39C264-48C9-45B2-B014-1F9EA621F031}.Debug|Any CPU.Build.0 = Debug|Any CPU
		{7F39C264-48C9-45B2-B014-1F9EA621F031}.Release|Any CPU.ActiveCfg = Release|Any CPU
		{7F39C264-48C9-45B2-B014-1F9EA621F031}.Release|Any CPU.Build.0 = Release|Any CPU
		{9398D82C-188B-4B2E-9132-94BAF478A6B8}.Debug|Any CPU.ActiveCfg = Debug|Any CPU
		{9398D82C-188B-4B2E-9132-94BAF478A6B8}.Debug|Any CPU.Build.0 = Debug|Any CPU
		{9398D82C-188B-4B2E-9132-94BAF478A6B8}.Release|Any CPU.ActiveCfg = Release|Any CPU
		{9398D82C-188B-4B2E-9132-94BAF478A6B8}.Release|Any CPU.Build.0 = Release|Any CPU
	EndGlobalSection
	GlobalSection(SolutionProperties) = preSolution
		HideSolutionNode = FALSE
	EndGlobalSection
	GlobalSection(ExtensibilityGlobals) = postSolution
		SolutionGuid = {226D5396-C524-4CB7-B9EF-7ED769111B6C}
	EndGlobalSection
EndGlobal
